
Microsoft Visual Studio Solution File, Format Version 12.00
# Visual Studio Version 16
VisualStudioVersion = 16.0.32510.428
MinimumVisualStudioVersion = 10.0.40219.1
Project("{FAE04EC0-301F-11D3-BF4B-00C04F79EFBC}") = "FileThreads", "FileThreads.csproj", "{B38E8FBD-65A1-4977-BE09-A821609DE76A}"
EndProject
Global
	GlobalSection(SolutionConfigurationPlatforms) = preSolution
		Debug|Any CPU = Debug|Any CPU
		Release|Any CPU = Release|Any CPU
	EndGlobalSection
	GlobalSection(ProjectConfigurationPlatforms) = postSolution
		{B38E8FBD-65A1-4977-BE09-A821609DE76A}.Debug|Any CPU.ActiveCfg = Debug|Any CPU
		{B38E8FBD-65A1-4977-BE09-A821609DE76A}.Debug|Any CPU.Build.0 = Debug|Any CPU
		{B38E8FBD-65A1-4977-BE09-A821609DE76A}.Release|Any CPU.ActiveCfg = Release|Any CPU
		{B38E8FBD-65A1-4977-BE09-A821609DE76A}.Release|Any CPU.Build.0 = Release|Any CPU
	EndGlobalSection
	GlobalSection(SolutionProperties) = preSolution
		HideSolutionNode = FALSE
	EndGlobalSection
	GlobalSection(ExtensibilityGlobals) = postSolution
		SolutionGuid = {DA223417-7B6E-4192-93DF-8E5E0CFAB239}
	EndGlobalSection
EndGlobal
